// !$*UTF8*$!
{
	archiveVersion = 1;
	classes = {
	};
	objectVersion = 46;
	objects = {

/* Begin PBXBuildFile section */
		4F77D17121740236008380FA /* AppDelegate.swift in Sources */ = {isa = PBXBuildFile; fileRef = 4F77D17021740236008380FA /* AppDelegate.swift */; };
		4F77D17321740236008380FA /* ViewController.swift in Sources */ = {isa = PBXBuildFile; fileRef = 4F77D17221740236008380FA /* ViewController.swift */; };
		4F77D17621740236008380FA /* Main.storyboard in Resources */ = {isa = PBXBuildFile; fileRef = 4F77D17421740236008380FA /* Main.storyboard */; };
		4F77D17821740236008380FA /* Assets.xcassets in Resources */ = {isa = PBXBuildFile; fileRef = 4F77D17721740236008380FA /* Assets.xcassets */; };
		4F77D17B21740236008380FA /* LaunchScreen.storyboard in Resources */ = {isa = PBXBuildFile; fileRef = 4F77D17921740236008380FA /* LaunchScreen.storyboard */; };
		4F77D18621740237008380FA /* SampleTests.swift in Sources */ = {isa = PBXBuildFile; fileRef = 4F77D18521740237008380FA /* SampleTests.swift */; };
		4F77D19121740237008380FA /* SampleUITests.swift in Sources */ = {isa = PBXBuildFile; fileRef = 4F77D19021740237008380FA /* SampleUITests.swift */; };
/* End PBXBuildFile section */

/* Begin PBXContainerItemProxy section */
		4F77D18221740237008380FA /* PBXContainerItemProxy */ = {
			isa = PBXContainerItemProxy;
			containerPortal = 4F77D16521740236008380FA /* Project object */;
			proxyType = 1;
			remoteGlobalIDString = 4F77D16C21740236008380FA;
			remoteInfo = Sample;
		};
		4F77D18D21740237008380FA /* PBXContainerItemProxy */ = {
			isa = PBXContainerItemProxy;
			containerPortal = 4F77D16521740236008380FA /* Project object */;
			proxyType = 1;
			remoteGlobalIDString = 4F77D16C21740236008380FA;
			remoteInfo = Sample;
		};
/* End PBXContainerItemProxy section */

/* Begin PBXFileReference section */
		4F77D16D21740236008380FA /* Sample.app */ = {isa = PBXFileReference; explicitFileType = wrapper.application; includeInIndex = 0; path = Sample.app; sourceTree = BUILT_PRODUCTS_DIR; };
		4F77D17021740236008380FA /* AppDelegate.swift */ = {isa = PBXFileReference; lastKnownFileType = sourcecode.swift; path = AppDelegate.swift; sourceTree = "<group>"; };
		4F77D17221740236008380FA /* ViewController.swift */ = {isa = PBXFileReference; lastKnownFileType = sourcecode.swift; path = ViewController.swift; sourceTree = "<group>"; };
		4F77D17521740236008380FA /* Base */ = {isa = PBXFileReference; lastKnownFileType = file.storyboard; name = Base; path = Base.lproj/Main.storyboard; sourceTree = "<group>"; };
		4F77D17721740236008380FA /* Assets.xcassets */ = {isa = PBXFileReference; lastKnownFileType = folder.assetcatalog; path = Assets.xcassets; sourceTree = "<group>"; };
		4F77D17A21740236008380FA /* Base */ = {isa = PBXFileReference; lastKnownFileType = file.storyboard; name = Base; path = Base.lproj/LaunchScreen.storyboard; sourceTree = "<group>"; };
		4F77D17C21740236008380FA /* Info.plist */ = {isa = PBXFileReference; lastKnownFileType = text.plist.xml; path = Info.plist; sourceTree = "<group>"; };
		4F77D18121740237008380FA /* SampleTests.xctest */ = {isa = PBXFileReference; explicitFileType = wrapper.cfbundle; includeInIndex = 0; path = SampleTests.xctest; sourceTree = BUILT_PRODUCTS_DIR; };
		4F77D18521740237008380FA /* SampleTests.swift */ = {isa = PBXFileReference; lastKnownFileType = sourcecode.swift; path = SampleTests.swift; sourceTree = "<group>"; };
		4F77D18721740237008380FA /* Info.plist */ = {isa = PBXFileReference; lastKnownFileType = text.plist.xml; path = Info.plist; sourceTree = "<group>"; };
		4F77D18C21740237008380FA /* SampleUITests.xctest */ = {isa = PBXFileReference; explicitFileType = wrapper.cfbundle; includeInIndex = 0; path = SampleUITests.xctest; sourceTree = BUILT_PRODUCTS_DIR; };
		4F77D19021740237008380FA /* SampleUITests.swift */ = {isa = PBXFileReference; lastKnownFileType = sourcecode.swift; path = SampleUITests.swift; sourceTree = "<group>"; };
		4F77D19221740237008380FA /* Info.plist */ = {isa = PBXFileReference; lastKnownFileType = text.plist.xml; path = Info.plist; sourceTree = "<group>"; };
/* End PBXFileReference section */

/* Begin PBXFrameworksBuildPhase section */
		4F77D16A21740236008380FA /* Frameworks */ = {
			isa = PBXFrameworksBuildPhase;
			buildActionMask = 2147483647;
			files = (
			);
			runOnlyForDeploymentPostprocessing = 0;
		};
		4F77D17E21740237008380FA /* Frameworks */ = {
			isa = PBXFrameworksBuildPhase;
			buildActionMask = 2147483647;
			files = (
			);
			runOnlyForDeploymentPostprocessing = 0;
		};
		4F77D18921740237008380FA /* Frameworks */ = {
			isa = PBXFrameworksBuildPhase;
			buildActionMask = 2147483647;
			files = (
			);
			runOnlyForDeploymentPostprocessing = 0;
		};
/* End PBXFrameworksBuildPhase section */

/* Begin PBXGroup section */
		4F77D16421740236008380FA = {
			isa = PBXGroup;
			children = (
				4F77D16F21740236008380FA /* Sample */,
				4F77D18421740237008380FA /* SampleTests */,
				4F77D18F21740237008380FA /* SampleUITests */,
				4F77D16E21740236008380FA /* Products */,
			);
			sourceTree = "<group>";
		};
		4F77D16E21740236008380FA /* Products */ = {
			isa = PBXGroup;
			children = (
				4F77D16D21740236008380FA /* Sample.app */,
				4F77D18121740237008380FA /* SampleTests.xctest */,
				4F77D18C21740237008380FA /* SampleUITests.xctest */,
			);
			name = Products;
			sourceTree = "<group>";
		};
		4F77D16F21740236008380FA /* Sample */ = {
			isa = PBXGroup;
			children = (
				4F77D17021740236008380FA /* AppDelegate.swift */,
				4F77D17221740236008380FA /* ViewController.swift */,
				4F77D17421740236008380FA /* Main.storyboard */,
				4F77D17721740236008380FA /* Assets.xcassets */,
				4F77D17921740236008380FA /* LaunchScreen.storyboard */,
				4F77D17C21740236008380FA /* Info.plist */,
			);
			path = Sample;
			sourceTree = "<group>";
		};
		4F77D18421740237008380FA /* SampleTests */ = {
			isa = PBXGroup;
			children = (
				4F77D18521740237008380FA /* SampleTests.swift */,
				4F77D18721740237008380FA /* Info.plist */,
			);
			path = SampleTests;
			sourceTree = "<group>";
		};
		4F77D18F21740237008380FA /* SampleUITests */ = {
			isa = PBXGroup;
			children = (
				4F77D19021740237008380FA /* SampleUITests.swift */,
				4F77D19221740237008380FA /* Info.plist */,
			);
			path = SampleUITests;
			sourceTree = "<group>";
		};
/* End PBXGroup section */

/* Begin PBXNativeTarget section */
		4F77D16C21740236008380FA /* Sample */ = {
			isa = PBXNativeTarget;
			buildConfigurationList = 4F77D19521740237008380FA /* Build configuration list for PBXNativeTarget "Sample" */;
			buildPhases = (
				4F77D16921740236008380FA /* Sources */,
				4F77D16A21740236008380FA /* Frameworks */,
				4F77D16B21740236008380FA /* Resources */,
			);
			buildRules = (
			);
			dependencies = (
			);
			name = Sample;
			productName = Sample;
			productReference = 4F77D16D21740236008380FA /* Sample.app */;
			productType = "com.apple.product-type.application";
		};
		4F77D18021740237008380FA /* SampleTests */ = {
			isa = PBXNativeTarget;
			buildConfigurationList = 4F77D19821740237008380FA /* Build configuration list for PBXNativeTarget "SampleTests" */;
			buildPhases = (
				4F77D17D21740237008380FA /* Sources */,
				4F77D17E21740237008380FA /* Frameworks */,
				4F77D17F21740237008380FA /* Resources */,
			);
			buildRules = (
			);
			dependencies = (
				4F77D18321740237008380FA /* PBXTargetDependency */,
			);
			name = SampleTests;
			productName = SampleTests;
			productReference = 4F77D18121740237008380FA /* SampleTests.xctest */;
			productType = "com.apple.product-type.bundle.unit-test";
		};
		4F77D18B21740237008380FA /* SampleUITests */ = {
			isa = PBXNativeTarget;
			buildConfigurationList = 4F77D19B21740237008380FA /* Build configuration list for PBXNativeTarget "SampleUITests" */;
			buildPhases = (
				4F77D18821740237008380FA /* Sources */,
				4F77D18921740237008380FA /* Frameworks */,
				4F77D18A21740237008380FA /* Resources */,
			);
			buildRules = (
			);
			dependencies = (
				4F77D18E21740237008380FA /* PBXTargetDependency */,
			);
			name = SampleUITests;
			productName = SampleUITests;
			productReference = 4F77D18C21740237008380FA /* SampleUITests.xctest */;
			productType = "com.apple.product-type.bundle.ui-testing";
		};
/* End PBXNativeTarget section */

/* Begin PBXProject section */
		4F77D16521740236008380FA /* Project object */ = {
			isa = PBXProject;
			attributes = {
				LastSwiftUpdateCheck = 0820;
				LastUpgradeCheck = 0820;
				ORGANIZATIONNAME = G7S1;
				TargetAttributes = {
					4F77D16C21740236008380FA = {
						CreatedOnToolsVersion = 8.2.1;
						DevelopmentTeam = 36Q3RN5PPW;
						ProvisioningStyle = Automatic;
					};
					4F77D18021740237008380FA = {
						CreatedOnToolsVersion = 8.2.1;
						DevelopmentTeam = 36Q3RN5PPW;
						ProvisioningStyle = Automatic;
						TestTargetID = 4F77D16C21740236008380FA;
					};
					4F77D18B21740237008380FA = {
						CreatedOnToolsVersion = 8.2.1;
						DevelopmentTeam = 36Q3RN5PPW;
						ProvisioningStyle = Automatic;
						TestTargetID = 4F77D16C21740236008380FA;
					};
				};
			};
			buildConfigurationList = 4F77D16821740236008380FA /* Build configuration list for PBXProject "Sample" */;
			compatibilityVersion = "Xcode 3.2";
			developmentRegion = English;
			hasScannedForEncodings = 0;
			knownRegions = (
				en,
				Base,
			);
			mainGroup = 4F77D16421740236008380FA;
			productRefGroup = 4F77D16E21740236008380FA /* Products */;
			projectDirPath = "";
			projectRoot = "";
			targets = (
				4F77D16C21740236008380FA /* Sample */,
				4F77D18021740237008380FA /* SampleTests */,
				4F77D18B21740237008380FA /* SampleUITests */,
			);
		};
/* End PBXProject section */

/* Begin PBXResourcesBuildPhase section */
		4F77D16B21740236008380FA /* Resources */ = {
			isa = PBXResourcesBuildPhase;
			buildActionMask = 2147483647;
			files = (
				4F77D17B21740236008380FA /* LaunchScreen.storyboard in Resources */,
				4F77D17821740236008380FA /* Assets.xcassets in Resources */,
				4F77D17621740236008380FA /* Main.storyboard in Resources */,
			);
			runOnlyForDeploymentPostprocessing = 0;
		};
		4F77D17F21740237008380FA /* Resources */ = {
			isa = PBXResourcesBuildPhase;
			buildActionMask = 2147483647;
			files = (
			);
			runOnlyForDeploymentPostprocessing = 0;
		};
		4F77D18A21740237008380FA /* Resources */ = {
			isa = PBXResourcesBuildPhase;
			buildActionMask = 2147483647;
			files = (
			);
			runOnlyForDeploymentPostprocessing = 0;
		};
/* End PBXResourcesBuildPhase section */

/* Begin PBXSourcesBuildPhase section */
		4F77D16921740236008380FA /* Sources */ = {
			isa = PBXSourcesBuildPhase;
			buildActionMask = 2147483647;
			files = (
				4F77D17321740236008380FA /* ViewController.swift in Sources */,
				4F77D17121740236008380FA /* AppDelegate.swift in Sources */,
			);
			runOnlyForDeploymentPostprocessing = 0;
		};
		4F77D17D21740237008380FA /* Sources */ = {
			isa = PBXSourcesBuildPhase;
			buildActionMask = 2147483647;
			files = (
				4F77D18621740237008380FA /* SampleTests.swift in Sources */,
			);
			runOnlyForDeploymentPostprocessing = 0;
		};
		4F77D18821740237008380FA /* Sources */ = {
			isa = PBXSourcesBuildPhase;
			buildActionMask = 2147483647;
			files = (
				4F77D19121740237008380FA /* SampleUITests.swift in Sources */,
			);
			runOnlyForDeploymentPostprocessing = 0;
		};
/* End PBXSourcesBuildPhase section */

/* Begin PBXTargetDependency section */
		4F77D18321740237008380FA /* PBXTargetDependency */ = {
			isa = PBXTargetDependency;
			target = 4F77D16C21740236008380FA /* Sample */;
			targetProxy = 4F77D18221740237008380FA /* PBXContainerItemProxy */;
		};
		4F77D18E21740237008380FA /* PBXTargetDependency */ = {
			isa = PBXTargetDependency;
			target = 4F77D16C21740236008380FA /* Sample */;
			targetProxy = 4F77D18D21740237008380FA /* PBXContainerItemProxy */;
		};
/* End PBXTargetDependency section */

/* Begin PBXVariantGroup section */
		4F77D17421740236008380FA /* Main.storyboard */ = {
			isa = PBXVariantGroup;
			children = (
				4F77D17521740236008380FA /* Base */,
			);
			name = Main.storyboard;
			sourceTree = "<group>";
		};
		4F77D17921740236008380FA /* LaunchScreen.storyboard */ = {
			isa = PBXVariantGroup;
			children = (
				4F77D17A21740236008380FA /* Base */,
			);
			name = LaunchScreen.storyboard;
			sourceTree = "<group>";
		};
/* End PBXVariantGroup section */

/* Begin XCBuildConfiguration section */
		4F77D19321740237008380FA /* Debug */ = {
			isa = XCBuildConfiguration;
			buildSettings = {
				ALWAYS_SEARCH_USER_PATHS = NO;
				CLANG_ANALYZER_NONNULL = YES;
				CLANG_CXX_LANGUAGE_STANDARD = "gnu++0x";
				CLANG_CXX_LIBRARY = "libc++";
				CLANG_ENABLE_MODULES = YES;
				CLANG_ENABLE_OBJC_ARC = YES;
				CLANG_WARN_BOOL_CONVERSION = YES;
				CLANG_WARN_CONSTANT_CONVERSION = YES;
				CLANG_WARN_DIRECT_OBJC_ISA_USAGE = YES_ERROR;
				CLANG_WARN_DOCUMENTATION_COMMENTS = YES;
				CLANG_WARN_EMPTY_BODY = YES;
				CLANG_WARN_ENUM_CONVERSION = YES;
				CLANG_WARN_INFINITE_RECURSION = YES;
				CLANG_WARN_INT_CONVERSION = YES;
				CLANG_WARN_OBJC_ROOT_CLASS = YES_ERROR;
				CLANG_WARN_SUSPICIOUS_MOVE = YES;
				CLANG_WARN_UNREACHABLE_CODE = YES;
				CLANG_WARN__DUPLICATE_METHOD_MATCH = YES;
				"CODE_SIGN_IDENTITY[sdk=iphoneos*]" = "iPhone Developer";
				COPY_PHASE_STRIP = NO;
				DEBUG_INFORMATION_FORMAT = dwarf;
				ENABLE_STRICT_OBJC_MSGSEND = YES;
				ENABLE_TESTABILITY = YES;
				GCC_C_LANGUAGE_STANDARD = gnu99;
				GCC_DYNAMIC_NO_PIC = NO;
				GCC_NO_COMMON_BLOCKS = YES;
				GCC_OPTIMIZATION_LEVEL = 0;
				GCC_PREPROCESSOR_DEFINITIONS = (
					"DEBUG=1",
					"$(inherited)",
				);
				GCC_WARN_64_TO_32_BIT_CONVERSION = YES;
				GCC_WARN_ABOUT_RETURN_TYPE = YES_ERROR;
				GCC_WARN_UNDECLARED_SELECTOR = YES;
				GCC_WARN_UNINITIALIZED_AUTOS = YES_AGGRESSIVE;
				GCC_WARN_UNUSED_FUNCTION = YES;
				GCC_WARN_UNUSED_VARIABLE = YES;
				IPHONEOS_DEPLOYMENT_TARGET = 10.2;
				MTL_ENABLE_DEBUG_INFO = YES;
				ONLY_ACTIVE_ARCH = YES;
				SDKROOT = iphoneos;
				SWIFT_ACTIVE_COMPILATION_CONDITIONS = DEBUG;
				SWIFT_OPTIMIZATION_LEVEL = "-Onone";
			};
			name = Debug;
		};
		4F77D19421740237008380FA /* Release */ = {
			isa = XCBuildConfiguration;
			buildSettings = {
				ALWAYS_SEARCH_USER_PATHS = NO;
				CLANG_ANALYZER_NONNULL = YES;
				CLANG_CXX_LANGUAGE_STANDARD = "gnu++0x";
				CLANG_CXX_LIBRARY = "libc++";
				CLANG_ENABLE_MODULES = YES;
				CLANG_ENABLE_OBJC_ARC = YES;
				CLANG_WARN_BOOL_CONVERSION = YES;
				CLANG_WARN_CONSTANT_CONVERSION = YES;
				CLANG_WARN_DIRECT_OBJC_ISA_USAGE = YES_ERROR;
				CLANG_WARN_DOCUMENTATION_COMMENTS = YES;
				CLANG_WARN_EMPTY_BODY = YES;
				CLANG_WARN_ENUM_CONVERSION = YES;
				CLANG_WARN_INFINITE_RECURSION = YES;
				CLANG_WARN_INT_CONVERSION = YES;
				CLANG_WARN_OBJC_ROOT_CLASS = YES_ERROR;
				CLANG_WARN_SUSPICIOUS_MOVE = YES;
				CLANG_WARN_UNREACHABLE_CODE = YES;
				CLANG_WARN__DUPLICATE_METHOD_MATCH = YES;
				"CODE_SIGN_IDENTITY[sdk=iphoneos*]" = "iPhone Developer";
				COPY_PHASE_STRIP = NO;
				DEBUG_INFORMATION_FORMAT = "dwarf-with-dsym";
				ENABLE_NS_ASSERTIONS = NO;
				ENABLE_STRICT_OBJC_MSGSEND = YES;
				GCC_C_LANGUAGE_STANDARD = gnu99;
				GCC_NO_COMMON_BLOCKS = YES;
				GCC_WARN_64_TO_32_BIT_CONVERSION = YES;
				GCC_WARN_ABOUT_RETURN_TYPE = YES_ERROR;
				GCC_WARN_UNDECLARED_SELECTOR = YES;
				GCC_WARN_UNINITIALIZED_AUTOS = YES_AGGRESSIVE;
				GCC_WARN_UNUSED_FUNCTION = YES;
				GCC_WARN_UNUSED_VARIABLE = YES;
				IPHONEOS_DEPLOYMENT_TARGET = 10.2;
				MTL_ENABLE_DEBUG_INFO = NO;
				SDKROOT = iphoneos;
				SWIFT_OPTIMIZATION_LEVEL = "-Owholemodule";
				VALIDATE_PRODUCT = YES;
			};
			name = Release;
		};
		4F77D19621740237008380FA /* Debug */ = {
			isa = XCBuildConfiguration;
			buildSettings = {
				ASSETCATALOG_COMPILER_APPICON_NAME = AppIcon;
				DEVELOPMENT_TEAM = 36Q3RN5PPW;
				INFOPLIST_FILE = Sample/Info.plist;
				LD_RUNPATH_SEARCH_PATHS = "$(inherited) @executable_path/Frameworks";
				PRODUCT_BUNDLE_IDENTIFIER = com.Canvas.Sample;
				PRODUCT_NAME = "$(TARGET_NAME)";
				SWIFT_VERSION = 3.0;
			};
			name = Debug;
		};
		4F77D19721740237008380FA /* Release */ = {
			isa = XCBuildConfiguration;
			buildSettings = {
				ASSETCATALOG_COMPILER_APPICON_NAME = AppIcon;
				DEVELOPMENT_TEAM = 36Q3RN5PPW;
				INFOPLIST_FILE = Sample/Info.plist;
				LD_RUNPATH_SEARCH_PATHS = "$(inherited) @executable_path/Frameworks";
				PRODUCT_BUNDLE_IDENTIFIER = com.Canvas.Sample;
				PRODUCT_NAME = "$(TARGET_NAME)";
				SWIFT_VERSION = 3.0;
			};
			name = Release;
		};
		4F77D19921740237008380FA /* Debug */ = {
			isa = XCBuildConfiguration;
			buildSettings = {
				ALWAYS_EMBED_SWIFT_STANDARD_LIBRARIES = YES;
				BUNDLE_LOADER = "$(TEST_HOST)";
				DEVELOPMENT_TEAM = 36Q3RN5PPW;
				INFOPLIST_FILE = SampleTests/Info.plist;
				LD_RUNPATH_SEARCH_PATHS = "$(inherited) @executable_path/Frameworks @loader_path/Frameworks";
				PRODUCT_BUNDLE_IDENTIFIER = com.Canvas.SampleTests;
				PRODUCT_NAME = "$(TARGET_NAME)";
				SWIFT_VERSION = 3.0;
				TEST_HOST = "$(BUILT_PRODUCTS_DIR)/Sample.app/Sample";
			};
			name = Debug;
		};
		4F77D19A21740237008380FA /* Release */ = {
			isa = XCBuildConfiguration;
			buildSettings = {
				ALWAYS_EMBED_SWIFT_STANDARD_LIBRARIES = YES;
				BUNDLE_LOADER = "$(TEST_HOST)";
				DEVELOPMENT_TEAM = 36Q3RN5PPW;
				INFOPLIST_FILE = SampleTests/Info.plist;
				LD_RUNPATH_SEARCH_PATHS = "$(inherited) @executable_path/Frameworks @loader_path/Frameworks";
				PRODUCT_BUNDLE_IDENTIFIER = com.Canvas.SampleTests;
				PRODUCT_NAME = "$(TARGET_NAME)";
				SWIFT_VERSION = 3.0;
				TEST_HOST = "$(BUILT_PRODUCTS_DIR)/Sample.app/Sample";
			};
			name = Release;
		};
		4F77D19C21740237008380FA /* Debug */ = {
			isa = XCBuildConfiguration;
			buildSettings = {
				ALWAYS_EMBED_SWIFT_STANDARD_LIBRARIES = YES;
				DEVELOPMENT_TEAM = 36Q3RN5PPW;
				INFOPLIST_FILE = SampleUITests/Info.plist;
				LD_RUNPATH_SEARCH_PATHS = "$(inherited) @executable_path/Frameworks @loader_path/Frameworks";
				PRODUCT_BUNDLE_IDENTIFIER = com.Canvas.SampleUITests;
				PRODUCT_NAME = "$(TARGET_NAME)";
				SWIFT_VERSION = 3.0;
				TEST_TARGET_NAME = Sample;
			};
			name = Debug;
		};
		4F77D19D21740237008380FA /* Release */ = {
			isa = XCBuildConfiguration;
			buildSettings = {
				ALWAYS_EMBED_SWIFT_STANDARD_LIBRARIES = YES;
				DEVELOPMENT_TEAM = 36Q3RN5PPW;
				INFOPLIST_FILE = SampleUITests/Info.plist;
				LD_RUNPATH_SEARCH_PATHS = "$(inherited) @executable_path/Frameworks @loader_path/Frameworks";
				PRODUCT_BUNDLE_IDENTIFIER = com.Canvas.SampleUITests;
				PRODUCT_NAME = "$(TARGET_NAME)";
				SWIFT_VERSION = 3.0;
				TEST_TARGET_NAME = Sample;
			};
			name = Release;
		};
/* End XCBuildConfiguration section */

/* Begin XCConfigurationList section */
		4F77D16821740236008380FA /* Build configuration list for PBXProject "Sample" */ = {
			isa = XCConfigurationList;
			buildConfigurations = (
				4F77D19321740237008380FA /* Debug */,
				4F77D19421740237008380FA /* Release */,
			);
			defaultConfigurationIsVisible = 0;
			defaultConfigurationName = Release;
		};
		4F77D19521740237008380FA /* Build configuration list for PBXNativeTarget "Sample" */ = {
			isa = XCConfigurationList;
			buildConfigurations = (
				4F77D19621740237008380FA /* Debug */,
				4F77D19721740237008380FA /* Release */,
			);
			defaultConfigurationIsVisible = 0;
		};
		4F77D19821740237008380FA /* Build configuration list for PBXNativeTarget "SampleTests" */ = {
			isa = XCConfigurationList;
			buildConfigurations = (
				4F77D19921740237008380FA /* Debug */,
				4F77D19A21740237008380FA /* Release */,
			);
			defaultConfigurationIsVisible = 0;
		};
		4F77D19B21740237008380FA /* Build configuration list for PBXNativeTarget "SampleUITests" */ = {
			isa = XCConfigurationList;
			buildConfigurations = (
				4F77D19C21740237008380FA /* Debug */,
				4F77D19D21740237008380FA /* Release */,
			);
			defaultConfigurationIsVisible = 0;
		};
/* End XCConfigurationList section */
	};
	rootObject = 4F77D16521740236008380FA /* Project object */;
}
